
Microsoft Visual Studio Solution File, Format Version 12.00
# Visual Studio Version 16
VisualStudioVersion = 16.0.31624.102
MinimumVisualStudioVersion = 10.0.40219.1
Project("{FAE04EC0-301F-11D3-BF4B-00C04F79EFBC}") = "Inheritance", "Inheritance\Inheritance.csproj", "{395087D0-0CA3-4F08-A7CF-AF45A6DBAC47}"
EndProject
Global
	GlobalSection(SolutionConfigurationPlatforms) = preSolution
		Debug|Any CPU = Debug|Any CPU
		Release|Any CPU = Release|Any CPU
	EndGlobalSection
	GlobalSection(ProjectConfigurationPlatforms) = postSolution
		{395087D0-0CA3-4F08-A7CF-AF45A6DBAC47}.Debug|Any CPU.ActiveCfg = Debug|Any CPU
		{395087D0-0CA3-4F08-A7CF-AF45A6DBAC47}.Debug|Any CPU.Build.0 = Debug|Any CPU
		{395087D0-0CA3-4F08-A7CF-AF45A6DBAC47}.Release|Any CPU.ActiveCfg = Release|Any CPU
		{395087D0-0CA3-4F08-A7CF-AF45A6DBAC47}.Release|Any CPU.Build.0 = Release|Any CPU
	EndGlobalSection
	GlobalSection(SolutionProperties) = preSolution
		HideSolutionNode = FALSE
	EndGlobalSection
	GlobalSection(ExtensibilityGlobals) = postSolution
		SolutionGuid = {CAFBEA16-822D-498E-B34D-E51E56DB5EB2}
	EndGlobalSection
EndGlobal
